{
  "name": "downloader",
  "version": "1.0.0",
  "lockfileVersion": 3,
  "requires": true,
  "packages": {
    "": {
      "name": "downloader",
      "version": "1.0.0",
      "license": "ISC",
      "dependencies": {
        "mp3tag.js": "^3.11.0",
        "queue": "^7.0.0",
        "yt-dlp-wrap": "^2.3.12"
      }
    },
    "node_modules/mp3tag.js": {
      "version": "3.11.0",
      "resolved": "https://registry.npmjs.org/mp3tag.js/-/mp3tag.js-3.11.0.tgz",
      "integrity": "sha512-CSWc+OClkOYKRdDODCEA5nILWNHItsqcJNhHeE1nlBKjgbFdvARen31ECt7Zh/40Y7ukfCSiHyTcQRrQv5C5Hg==",
      "license": "MIT"
    },
    "node_modules/queue": {
      "version": "7.0.0",
      "resolved": "https://registry.npmjs.org/queue/-/queue-7.0.0.tgz",
      "integrity": "sha512-sphwS7HdfQnvrJAXUNAUgpf9H/546IE3p/5Lf2jr71O4udEYlqAhkevykumas2FYuMkX/29JMOgrRdRoYZ/X9w==",
      "license": "MIT"
    },
    "node_modules/yt-dlp-wrap": {
      "version": "2.3.12",
      "resolved": "https://registry.npmjs.org/yt-dlp-wrap/-/yt-dlp-wrap-2.3.12.tgz",
      "integrity": "sha512-P8fJ+6M1YjukyJENCTviNLiZ8mokxprR54ho3DsSKPWDcac489OjRiStGEARJr6un6ETS6goTn4CWl/b/rM3aA==",
      "license": "MIT"
    }
  }
}
